
Microsoft Visual Studio Solution File, Format Version 12.00
# Visual Studio 15
VisualStudioVersion = 15.0.26228.4
MinimumVisualStudioVersion = 10.0.40219.1
Project("{FAE04EC0-301F-11D3-BF4B-00C04F79EFBC}") = "CashGiftDiary.Web", "CashGiftDiary.Web\CashGiftDiary.Web.csproj", "{4EA1BD36-F3C7-46FB-81F6-CDDEC7449627}"
EndProject
Project("{FAE04EC0-301F-11D3-BF4B-00C04F79EFBC}") = "Entity", "Entity\Entity.csproj", "{8A40E2F7-2748-4DCC-AC18-67443ABB9B46}"
EndProject
Project("{FAE04EC0-301F-11D3-BF4B-00C04F79EFBC}") = "CashGiftDiary.Android", "CashGiftDiary.Android\CashGiftDiary.Android.csproj", "{067A65E2-57EB-4F79-AA11-FE0733A7D2E6}"
EndProject
Project("{FAE04EC0-301F-11D3-BF4B-00C04F79EFBC}") = "CashGiftDiary.UWP", "CashGiftDiary.UWP\CashGiftDiary.UWP.csproj", "{6DF1B9D6-B5D0-465F-8092-48FA46BD2C38}"
EndProject
Project("{FAE04EC0-301F-11D3-BF4B-00C04F79EFBC}") = "WebApi.Client", "WebApi.Client\WebApi.Client.csproj", "{CFA0C364-0F96-4F16-BE65-14D6C56B6FAE}"
EndProject
Project("{FAE04EC0-301F-11D3-BF4B-00C04F79EFBC}") = "Account.Client", "Account.Client\Account.Client.csproj", "{D2C72A9E-1870-466E-9D65-BA1ACCED6B41}"
EndProject
Project("{FAE04EC0-301F-11D3-BF4B-00C04F79EFBC}") = "CashGiftDiary.Client", "CashGiftDiary.Client\CashGiftDiary.Client.csproj", "{02993892-FE69-4919-8CFC-B6DC516DAE61}"
EndProject
Project("{FAE04EC0-301F-11D3-BF4B-00C04F79EFBC}") = "Client.Common", "Client.Common\Client.Common.csproj", "{06ABA8FF-66B5-432A-83A3-5BC80BE4B499}"
EndProject
Project("{9A19103F-16F7-4668-BE54-9A1E7A4F7556}") = "System.IdentityModel.Tokens.Jwt", "System.IdentityModel.Tokens.Jwt\System.IdentityModel.Tokens.Jwt.csproj", "{AAADA519-76AC-4F08-B2A3-DB9B1C360B10}"
EndProject
Project("{FAE04EC0-301F-11D3-BF4B-00C04F79EFBC}") = "Constant", "Constant\Constant.csproj", "{BF84D947-91F1-4AC7-81EE-1410525639BB}"
EndProject
Project("{FAE04EC0-301F-11D3-BF4B-00C04F79EFBC}") = "ViewLayer", "ViewLayer\ViewLayer.csproj", "{112EA05C-06FA-424F-B218-1051794C1D6F}"
EndProject
Project("{FAE04EC0-301F-11D3-BF4B-00C04F79EFBC}") = "PresenterLayer", "PresenterLayer\PresenterLayer.csproj", "{833D4D93-73A2-444F-96D1-B3575F08363D}"
EndProject
Global
	GlobalSection(SolutionConfigurationPlatforms) = preSolution
		Ad-Hoc|Any CPU = Ad-Hoc|Any CPU
		Ad-Hoc|ARM = Ad-Hoc|ARM
		Ad-Hoc|iPhone = Ad-Hoc|iPhone
		Ad-Hoc|iPhoneSimulator = Ad-Hoc|iPhoneSimulator
		Ad-Hoc|x64 = Ad-Hoc|x64
		Ad-Hoc|x86 = Ad-Hoc|x86
		AppStore|Any CPU = AppStore|Any CPU
		AppStore|ARM = AppStore|ARM
		AppStore|iPhone = AppStore|iPhone
		AppStore|iPhoneSimulator = AppStore|iPhoneSimulator
		AppStore|x64 = AppStore|x64
		AppStore|x86 = AppStore|x86
		Debug|Any CPU = Debug|Any CPU
		Debug|ARM = Debug|ARM
		Debug|iPhone = Debug|iPhone
		Debug|iPhoneSimulator = Debug|iPhoneSimulator
		Debug|x64 = Debug|x64
		Debug|x86 = Debug|x86
		Release|Any CPU = Release|Any CPU
		Release|ARM = Release|ARM
		Release|iPhone = Release|iPhone
		Release|iPhoneSimulator = Release|iPhoneSimulator
		Release|x64 = Release|x64
		Release|x86 = Release|x86
	EndGlobalSection
	GlobalSection(ProjectConfigurationPlatforms) = postSolution
		{4EA1BD36-F3C7-46FB-81F6-CDDEC7449627}.Ad-Hoc|Any CPU.ActiveCfg = Debug|Any CPU
		{4EA1BD36-F3C7-46FB-81F6-CDDEC7449627}.Ad-Hoc|Any CPU.Build.0 = Debug|Any CPU
		{4EA1BD36-F3C7-46FB-81F6-CDDEC7449627}.Ad-Hoc|ARM.ActiveCfg = Debug|Any CPU
		{4EA1BD36-F3C7-46FB-81F6-CDDEC7449627}.Ad-Hoc|ARM.Build.0 = Debug|Any CPU
		{4EA1BD36-F3C7-46FB-81F6-CDDEC7449627}.Ad-Hoc|iPhone.ActiveCfg = Debug|Any CPU
		{4EA1BD36-F3C7-46FB-81F6-CDDEC7449627}.Ad-Hoc|iPhone.Build.0 = Debug|Any CPU
		{4EA1BD36-F3C7-46FB-81F6-CDDEC7449627}.Ad-Hoc|iPhoneSimulator.ActiveCfg = Debug|Any CPU
		{4EA1BD36-F3C7-46FB-81F6-CDDEC7449627}.Ad-Hoc|iPhoneSimulator.Build.0 = Debug|Any CPU
		{4EA1BD36-F3C7-46FB-81F6-CDDEC7449627}.Ad-Hoc|x64.ActiveCfg = Debug|Any CPU
		{4EA1BD36-F3C7-46FB-81F6-CDDEC7449627}.Ad-Hoc|x64.Build.0 = Debug|Any CPU
		{4EA1BD36-F3C7-46FB-81F6-CDDEC7449627}.Ad-Hoc|x86.ActiveCfg = Debug|Any CPU
		{4EA1BD36-F3C7-46FB-81F6-CDDEC7449627}.Ad-Hoc|x86.Build.0 = Debug|Any CPU
		{4EA1BD36-F3C7-46FB-81F6-CDDEC7449627}.AppStore|Any CPU.ActiveCfg = Debug|Any CPU
		{4EA1BD36-F3C7-46FB-81F6-CDDEC7449627}.AppStore|Any CPU.Build.0 = Debug|Any CPU
		{4EA1BD36-F3C7-46FB-81F6-CDDEC7449627}.AppStore|ARM.ActiveCfg = Debug|Any CPU
		{4EA1BD36-F3C7-46FB-81F6-CDDEC7449627}.AppStore|ARM.Build.0 = Debug|Any CPU
		{4EA1BD36-F3C7-46FB-81F6-CDDEC7449627}.AppStore|iPhone.ActiveCfg = Debug|Any CPU
		{4EA1BD36-F3C7-46FB-81F6-CDDEC7449627}.AppStore|iPhone.Build.0 = Debug|Any CPU
		{4EA1BD36-F3C7-46FB-81F6-CDDEC7449627}.AppStore|iPhoneSimulator.ActiveCfg = Debug|Any CPU
		{4EA1BD36-F3C7-46FB-81F6-CDDEC7449627}.AppStore|iPhoneSimulator.Build.0 = Debug|Any CPU
		{4EA1BD36-F3C7-46FB-81F6-CDDEC7449627}.AppStore|x64.ActiveCfg = Debug|Any CPU
		{4EA1BD36-F3C7-46FB-81F6-CDDEC7449627}.AppStore|x64.Build.0 = Debug|Any CPU
		{4EA1BD36-F3C7-46FB-81F6-CDDEC7449627}.AppStore|x86.ActiveCfg = Debug|Any CPU
		{4EA1BD36-F3C7-46FB-81F6-CDDEC7449627}.AppStore|x86.Build.0 = Debug|Any CPU
		{4EA1BD36-F3C7-46FB-81F6-CDDEC7449627}.Debug|Any CPU.ActiveCfg = Debug|Any CPU
		{4EA1BD36-F3C7-46FB-81F6-CDDEC7449627}.Debug|Any CPU.Build.0 = Debug|Any CPU
		{4EA1BD36-F3C7-46FB-81F6-CDDEC7449627}.Debug|ARM.ActiveCfg = Debug|Any CPU
		{4EA1BD36-F3C7-46FB-81F6-CDDEC7449627}.Debug|ARM.Build.0 = Debug|Any CPU
		{4EA1BD36-F3C7-46FB-81F6-CDDEC7449627}.Debug|iPhone.ActiveCfg = Debug|Any CPU
		{4EA1BD36-F3C7-46FB-81F6-CDDEC7449627}.Debug|iPhone.Build.0 = Debug|Any CPU
		{4EA1BD36-F3C7-46FB-81F6-CDDEC7449627}.Debug|iPhoneSimulator.ActiveCfg = Debug|Any CPU
		{4EA1BD36-F3C7-46FB-81F6-CDDEC7449627}.Debug|iPhoneSimulator.Build.0 = Debug|Any CPU
		{4EA1BD36-F3C7-46FB-81F6-CDDEC7449627}.Debug|x64.ActiveCfg = Debug|Any CPU
		{4EA1BD36-F3C7-46FB-81F6-CDDEC7449627}.Debug|x64.Build.0 = Debug|Any CPU
		{4EA1BD36-F3C7-46FB-81F6-CDDEC7449627}.Debug|x86.ActiveCfg = Debug|Any CPU
		{4EA1BD36-F3C7-46FB-81F6-CDDEC7449627}.Debug|x86.Build.0 = Debug|Any CPU
		{4EA1BD36-F3C7-46FB-81F6-CDDEC7449627}.Release|Any CPU.ActiveCfg = Release|Any CPU
		{4EA1BD36-F3C7-46FB-81F6-CDDEC7449627}.Release|Any CPU.Build.0 = Release|Any CPU
		{4EA1BD36-F3C7-46FB-81F6-CDDEC7449627}.Release|ARM.ActiveCfg = Release|Any CPU
		{4EA1BD36-F3C7-46FB-81F6-CDDEC7449627}.Release|ARM.Build.0 = Release|Any CPU
		{4EA1BD36-F3C7-46FB-81F6-CDDEC7449627}.Release|iPhone.ActiveCfg = Release|Any CPU
		{4EA1BD36-F3C7-46FB-81F6-CDDEC7449627}.Release|iPhone.Build.0 = Release|Any CPU
		{4EA1BD36-F3C7-46FB-81F6-CDDEC7449627}.Release|iPhoneSimulator.ActiveCfg = Release|Any CPU
		{4EA1BD36-F3C7-46FB-81F6-CDDEC7449627}.Release|iPhoneSimulator.Build.0 = Release|Any CPU
		{4EA1BD36-F3C7-46FB-81F6-CDDEC7449627}.Release|x64.ActiveCfg = Release|Any CPU
		{4EA1BD36-F3C7-46FB-81F6-CDDEC7449627}.Release|x64.Build.0 = Release|Any CPU
		{4EA1BD36-F3C7-46FB-81F6-CDDEC7449627}.Release|x86.ActiveCfg = Release|Any CPU
		{4EA1BD36-F3C7-46FB-81F6-CDDEC7449627}.Release|x86.Build.0 = Release|Any CPU
		{8A40E2F7-2748-4DCC-AC18-67443ABB9B46}.Ad-Hoc|Any CPU.ActiveCfg = Debug|Any CPU
		{8A40E2F7-2748-4DCC-AC18-67443ABB9B46}.Ad-Hoc|Any CPU.Build.0 = Debug|Any CPU
		{8A40E2F7-2748-4DCC-AC18-67443ABB9B46}.Ad-Hoc|ARM.ActiveCfg = Debug|Any CPU
		{8A40E2F7-2748-4DCC-AC18-67443ABB9B46}.Ad-Hoc|ARM.Build.0 = Debug|Any CPU
		{8A40E2F7-2748-4DCC-AC18-67443ABB9B46}.Ad-Hoc|iPhone.ActiveCfg = Debug|Any CPU
		{8A40E2F7-2748-4DCC-AC18-67443ABB9B46}.Ad-Hoc|iPhone.Build.0 = Debug|Any CPU
		{8A40E2F7-2748-4DCC-AC18-67443ABB9B46}.Ad-Hoc|iPhoneSimulator.ActiveCfg = Debug|Any CPU
		{8A40E2F7-2748-4DCC-AC18-67443ABB9B46}.Ad-Hoc|iPhoneSimulator.Build.0 = Debug|Any CPU
		{8A40E2F7-2748-4DCC-AC18-67443ABB9B46}.Ad-Hoc|x64.ActiveCfg = Debug|Any CPU
		{8A40E2F7-2748-4DCC-AC18-67443ABB9B46}.Ad-Hoc|x64.Build.0 = Debug|Any CPU
		{8A40E2F7-2748-4DCC-AC18-67443ABB9B46}.Ad-Hoc|x86.ActiveCfg = Debug|Any CPU
		{8A40E2F7-2748-4DCC-AC18-67443ABB9B46}.Ad-Hoc|x86.Build.0 = Debug|Any CPU
		{8A40E2F7-2748-4DCC-AC18-67443ABB9B46}.AppStore|Any CPU.ActiveCfg = Debug|Any CPU
		{8A40E2F7-2748-4DCC-AC18-67443ABB9B46}.AppStore|Any CPU.Build.0 = Debug|Any CPU
		{8A40E2F7-2748-4DCC-AC18-67443ABB9B46}.AppStore|ARM.ActiveCfg = Debug|Any CPU
		{8A40E2F7-2748-4DCC-AC18-67443ABB9B46}.AppStore|ARM.Build.0 = Debug|Any CPU
		{8A40E2F7-2748-4DCC-AC18-67443ABB9B46}.AppStore|iPhone.ActiveCfg = Debug|Any CPU
		{8A40E2F7-2748-4DCC-AC18-67443ABB9B46}.AppStore|iPhone.Build.0 = Debug|Any CPU
		{8A40E2F7-2748-4DCC-AC18-67443ABB9B46}.AppStore|iPhoneSimulator.ActiveCfg = Debug|Any CPU
		{8A40E2F7-2748-4DCC-AC18-67443ABB9B46}.AppStore|iPhoneSimulator.Build.0 = Debug|Any CPU
		{8A40E2F7-2748-4DCC-AC18-67443ABB9B46}.AppStore|x64.ActiveCfg = Debug|Any CPU
		{8A40E2F7-2748-4DCC-AC18-67443ABB9B46}.AppStore|x64.Build.0 = Debug|Any CPU
		{8A40E2F7-2748-4DCC-AC18-67443ABB9B46}.AppStore|x86.ActiveCfg = Debug|Any CPU
		{8A40E2F7-2748-4DCC-AC18-67443ABB9B46}.AppStore|x86.Build.0 = Debug|Any CPU
		{8A40E2F7-2748-4DCC-AC18-67443ABB9B46}.Debug|Any CPU.ActiveCfg = Debug|Any CPU
		{8A40E2F7-2748-4DCC-AC18-67443ABB9B46}.Debug|Any CPU.Build.0 = Debug|Any CPU
		{8A40E2F7-2748-4DCC-AC18-67443ABB9B46}.Debug|ARM.ActiveCfg = Debug|Any CPU
		{8A40E2F7-2748-4DCC-AC18-67443ABB9B46}.Debug|ARM.Build.0 = Debug|Any CPU
		{8A40E2F7-2748-4DCC-AC18-67443ABB9B46}.Debug|iPhone.ActiveCfg = Debug|Any CPU
		{8A40E2F7-2748-4DCC-AC18-67443ABB9B46}.Debug|iPhone.Build.0 = Debug|Any CPU
		{8A40E2F7-2748-4DCC-AC18-67443ABB9B46}.Debug|iPhoneSimulator.ActiveCfg = Debug|Any CPU
		{8A40E2F7-2748-4DCC-AC18-67443ABB9B46}.Debug|iPhoneSimulator.Build.0 = Debug|Any CPU
		{8A40E2F7-2748-4DCC-AC18-67443ABB9B46}.Debug|x64.ActiveCfg = Debug|Any CPU
		{8A40E2F7-2748-4DCC-AC18-67443ABB9B46}.Debug|x64.Build.0 = Debug|Any CPU
		{8A40E2F7-2748-4DCC-AC18-67443ABB9B46}.Debug|x86.ActiveCfg = Debug|Any CPU
		{8A40E2F7-2748-4DCC-AC18-67443ABB9B46}.Debug|x86.Build.0 = Debug|Any CPU
		{8A40E2F7-2748-4DCC-AC18-67443ABB9B46}.Release|Any CPU.ActiveCfg = Release|Any CPU
		{8A40E2F7-2748-4DCC-AC18-67443ABB9B46}.Release|Any CPU.Build.0 = Release|Any CPU
		{8A40E2F7-2748-4DCC-AC18-67443ABB9B46}.Release|ARM.ActiveCfg = Release|Any CPU
		{8A40E2F7-2748-4DCC-AC18-67443ABB9B46}.Release|ARM.Build.0 = Release|Any CPU
		{8A40E2F7-2748-4DCC-AC18-67443ABB9B46}.Release|iPhone.ActiveCfg = Release|Any CPU
		{8A40E2F7-2748-4DCC-AC18-67443ABB9B46}.Release|iPhone.Build.0 = Release|Any CPU
		{8A40E2F7-2748-4DCC-AC18-67443ABB9B46}.Release|iPhoneSimulator.ActiveCfg = Release|Any CPU
		{8A40E2F7-2748-4DCC-AC18-67443ABB9B46}.Release|iPhoneSimulator.Build.0 = Release|Any CPU
		{8A40E2F7-2748-4DCC-AC18-67443ABB9B46}.Release|x64.ActiveCfg = Release|Any CPU
		{8A40E2F7-2748-4DCC-AC18-67443ABB9B46}.Release|x64.Build.0 = Release|Any CPU
		{8A40E2F7-2748-4DCC-AC18-67443ABB9B46}.Release|x86.ActiveCfg = Release|Any CPU
		{8A40E2F7-2748-4DCC-AC18-67443ABB9B46}.Release|x86.Build.0 = Release|Any CPU
		{067A65E2-57EB-4F79-AA11-FE0733A7D2E6}.Ad-Hoc|Any CPU.ActiveCfg = Release|Any CPU
		{067A65E2-57EB-4F79-AA11-FE0733A7D2E6}.Ad-Hoc|Any CPU.Build.0 = Release|Any CPU
		{067A65E2-57EB-4F79-AA11-FE0733A7D2E6}.Ad-Hoc|Any CPU.Deploy.0 = Release|Any CPU
		{067A65E2-57EB-4F79-AA11-FE0733A7D2E6}.Ad-Hoc|ARM.ActiveCfg = Release|Any CPU
		{067A65E2-57EB-4F79-AA11-FE0733A7D2E6}.Ad-Hoc|ARM.Build.0 = Release|Any CPU
		{067A65E2-57EB-4F79-AA11-FE0733A7D2E6}.Ad-Hoc|ARM.Deploy.0 = Release|Any CPU
		{067A65E2-57EB-4F79-AA11-FE0733A7D2E6}.Ad-Hoc|iPhone.ActiveCfg = Release|Any CPU
		{067A65E2-57EB-4F79-AA11-FE0733A7D2E6}.Ad-Hoc|iPhone.Build.0 = Release|Any CPU
		{067A65E2-57EB-4F79-AA11-FE0733A7D2E6}.Ad-Hoc|iPhone.Deploy.0 = Release|Any CPU
		{067A65E2-57EB-4F79-AA11-FE0733A7D2E6}.Ad-Hoc|iPhoneSimulator.ActiveCfg = Release|Any CPU
		{067A65E2-57EB-4F79-AA11-FE0733A7D2E6}.Ad-Hoc|iPhoneSimulator.Build.0 = Release|Any CPU
		{067A65E2-57EB-4F79-AA11-FE0733A7D2E6}.Ad-Hoc|iPhoneSimulator.Deploy.0 = Release|Any CPU
		{067A65E2-57EB-4F79-AA11-FE0733A7D2E6}.Ad-Hoc|x64.ActiveCfg = Release|Any CPU
		{067A65E2-57EB-4F79-AA11-FE0733A7D2E6}.Ad-Hoc|x64.Build.0 = Release|Any CPU
		{067A65E2-57EB-4F79-AA11-FE0733A7D2E6}.Ad-Hoc|x64.Deploy.0 = Release|Any CPU
		{067A65E2-57EB-4F79-AA11-FE0733A7D2E6}.Ad-Hoc|x86.ActiveCfg = Release|Any CPU
		{067A65E2-57EB-4F79-AA11-FE0733A7D2E6}.Ad-Hoc|x86.Build.0 = Release|Any CPU
		{067A65E2-57EB-4F79-AA11-FE0733A7D2E6}.Ad-Hoc|x86.Deploy.0 = Release|Any CPU
		{067A65E2-57EB-4F79-AA11-FE0733A7D2E6}.AppStore|Any CPU.ActiveCfg = Release|Any CPU
		{067A65E2-57EB-4F79-AA11-FE0733A7D2E6}.AppStore|Any CPU.Build.0 = Release|Any CPU
		{067A65E2-57EB-4F79-AA11-FE0733A7D2E6}.AppStore|Any CPU.Deploy.0 = Release|Any CPU
		{067A65E2-57EB-4F79-AA11-FE0733A7D2E6}.AppStore|ARM.ActiveCfg = Release|Any CPU
		{067A65E2-57EB-4F79-AA11-FE0733A7D2E6}.AppStore|ARM.Build.0 = Release|Any CPU
		{067A65E2-57EB-4F79-AA11-FE0733A7D2E6}.AppStore|ARM.Deploy.0 = Release|Any CPU
		{067A65E2-57EB-4F79-AA11-FE0733A7D2E6}.AppStore|iPhone.ActiveCfg = Release|Any CPU
		{067A65E2-57EB-4F79-AA11-FE0733A7D2E6}.AppStore|iPhone.Build.0 = Release|Any CPU
		{067A65E2-57EB-4F79-AA11-FE0733A7D2E6}.AppStore|iPhone.Deploy.0 = Release|Any CPU
		{067A65E2-57EB-4F79-AA11-FE0733A7D2E6}.AppStore|iPhoneSimulator.ActiveCfg = Release|Any CPU
		{067A65E2-57EB-4F79-AA11-FE0733A7D2E6}.AppStore|iPhoneSimulator.Build.0 = Release|Any CPU
		{067A65E2-57EB-4F79-AA11-FE0733A7D2E6}.AppStore|iPhoneSimulator.Deploy.0 = Release|Any CPU
		{067A65E2-57EB-4F79-AA11-FE0733A7D2E6}.AppStore|x64.ActiveCfg = Release|Any CPU
		{067A65E2-57EB-4F79-AA11-FE0733A7D2E6}.AppStore|x64.Build.0 = Release|Any CPU
		{067A65E2-57EB-4F79-AA11-FE0733A7D2E6}.AppStore|x64.Deploy.0 = Release|Any CPU
		{067A65E2-57EB-4F79-AA11-FE0733A7D2E6}.AppStore|x86.ActiveCfg = Release|Any CPU
		{067A65E2-57EB-4F79-AA11-FE0733A7D2E6}.AppStore|x86.Build.0 = Release|Any CPU
		{067A65E2-57EB-4F79-AA11-FE0733A7D2E6}.AppStore|x86.Deploy.0 = Release|Any CPU
		{067A65E2-57EB-4F79-AA11-FE0733A7D2E6}.Debug|Any CPU.ActiveCfg = Debug|Any CPU
		{067A65E2-57EB-4F79-AA11-FE0733A7D2E6}.Debug|Any CPU.Build.0 = Debug|Any CPU
		{067A65E2-57EB-4F79-AA11-FE0733A7D2E6}.Debug|Any CPU.Deploy.0 = Debug|Any CPU
		{067A65E2-57EB-4F79-AA11-FE0733A7D2E6}.Debug|ARM.ActiveCfg = Debug|Any CPU
		{067A65E2-57EB-4F79-AA11-FE0733A7D2E6}.Debug|ARM.Build.0 = Debug|Any CPU
		{067A65E2-57EB-4F79-AA11-FE0733A7D2E6}.Debug|ARM.Deploy.0 = Debug|Any CPU
		{067A65E2-57EB-4F79-AA11-FE0733A7D2E6}.Debug|iPhone.ActiveCfg = Debug|Any CPU
		{067A65E2-57EB-4F79-AA11-FE0733A7D2E6}.Debug|iPhone.Build.0 = Debug|Any CPU
		{067A65E2-57EB-4F79-AA11-FE0733A7D2E6}.Debug|iPhone.Deploy.0 = Debug|Any CPU
		{067A65E2-57EB-4F79-AA11-FE0733A7D2E6}.Debug|iPhoneSimulator.ActiveCfg = Debug|Any CPU
		{067A65E2-57EB-4F79-AA11-FE0733A7D2E6}.Debug|iPhoneSimulator.Build.0 = Debug|Any CPU
		{067A65E2-57EB-4F79-AA11-FE0733A7D2E6}.Debug|iPhoneSimulator.Deploy.0 = Debug|Any CPU
		{067A65E2-57EB-4F79-AA11-FE0733A7D2E6}.Debug|x64.ActiveCfg = Debug|Any CPU
		{067A65E2-57EB-4F79-AA11-FE0733A7D2E6}.Debug|x64.Build.0 = Debug|Any CPU
		{067A65E2-57EB-4F79-AA11-FE0733A7D2E6}.Debug|x64.Deploy.0 = Debug|Any CPU
		{067A65E2-57EB-4F79-AA11-FE0733A7D2E6}.Debug|x86.ActiveCfg = Debug|Any CPU
		{067A65E2-57EB-4F79-AA11-FE0733A7D2E6}.Debug|x86.Build.0 = Debug|Any CPU
		{067A65E2-57EB-4F79-AA11-FE0733A7D2E6}.Debug|x86.Deploy.0 = Debug|Any CPU
		{067A65E2-57EB-4F79-AA11-FE0733A7D2E6}.Release|Any CPU.ActiveCfg = Release|Any CPU
		{067A65E2-57EB-4F79-AA11-FE0733A7D2E6}.Release|Any CPU.Build.0 = Release|Any CPU
		{067A65E2-57EB-4F79-AA11-FE0733A7D2E6}.Release|Any CPU.Deploy.0 = Release|Any CPU
		{067A65E2-57EB-4F79-AA11-FE0733A7D2E6}.Release|ARM.ActiveCfg = Release|Any CPU
		{067A65E2-57EB-4F79-AA11-FE0733A7D2E6}.Release|ARM.Build.0 = Release|Any CPU
		{067A65E2-57EB-4F79-AA11-FE0733A7D2E6}.Release|ARM.Deploy.0 = Release|Any CPU
		{067A65E2-57EB-4F79-AA11-FE0733A7D2E6}.Release|iPhone.ActiveCfg = Release|Any CPU
		{067A65E2-57EB-4F79-AA11-FE0733A7D2E6}.Release|iPhone.Build.0 = Release|Any CPU
		{067A65E2-57EB-4F79-AA11-FE0733A7D2E6}.Release|iPhone.Deploy.0 = Release|Any CPU
		{067A65E2-57EB-4F79-AA11-FE0733A7D2E6}.Release|iPhoneSimulator.ActiveCfg = Release|Any CPU
		{067A65E2-57EB-4F79-AA11-FE0733A7D2E6}.Release|iPhoneSimulator.Build.0 = Release|Any CPU
		{067A65E2-57EB-4F79-AA11-FE0733A7D2E6}.Release|iPhoneSimulator.Deploy.0 = Release|Any CPU
		{067A65E2-57EB-4F79-AA11-FE0733A7D2E6}.Release|x64.ActiveCfg = Release|Any CPU
		{067A65E2-57EB-4F79-AA11-FE0733A7D2E6}.Release|x64.Build.0 = Release|Any CPU
		{067A65E2-57EB-4F79-AA11-FE0733A7D2E6}.Release|x64.Deploy.0 = Release|Any CPU
		{067A65E2-57EB-4F79-AA11-FE0733A7D2E6}.Release|x86.ActiveCfg = Release|Any CPU
		{067A65E2-57EB-4F79-AA11-FE0733A7D2E6}.Release|x86.Build.0 = Release|Any CPU
		{067A65E2-57EB-4F79-AA11-FE0733A7D2E6}.Release|x86.Deploy.0 = Release|Any CPU
		{6DF1B9D6-B5D0-465F-8092-48FA46BD2C38}.Ad-Hoc|Any CPU.ActiveCfg = Release|x64
		{6DF1B9D6-B5D0-465F-8092-48FA46BD2C38}.Ad-Hoc|Any CPU.Build.0 = Release|x64
		{6DF1B9D6-B5D0-465F-8092-48FA46BD2C38}.Ad-Hoc|Any CPU.Deploy.0 = Release|x64
		{6DF1B9D6-B5D0-465F-8092-48FA46BD2C38}.Ad-Hoc|ARM.ActiveCfg = Release|ARM
		{6DF1B9D6-B5D0-465F-8092-48FA46BD2C38}.Ad-Hoc|ARM.Build.0 = Release|ARM
		{6DF1B9D6-B5D0-465F-8092-48FA46BD2C38}.Ad-Hoc|ARM.Deploy.0 = Release|ARM
		{6DF1B9D6-B5D0-465F-8092-48FA46BD2C38}.Ad-Hoc|iPhone.ActiveCfg = Release|x64
		{6DF1B9D6-B5D0-465F-8092-48FA46BD2C38}.Ad-Hoc|iPhone.Build.0 = Release|x64
		{6DF1B9D6-B5D0-465F-8092-48FA46BD2C38}.Ad-Hoc|iPhone.Deploy.0 = Release|x64
		{6DF1B9D6-B5D0-465F-8092-48FA46BD2C38}.Ad-Hoc|iPhoneSimulator.ActiveCfg = Release|x64
		{6DF1B9D6-B5D0-465F-8092-48FA46BD2C38}.Ad-Hoc|iPhoneSimulator.Build.0 = Release|x64
		{6DF1B9D6-B5D0-465F-8092-48FA46BD2C38}.Ad-Hoc|iPhoneSimulator.Deploy.0 = Release|x64
		{6DF1B9D6-B5D0-465F-8092-48FA46BD2C38}.Ad-Hoc|x64.ActiveCfg = Release|x64
		{6DF1B9D6-B5D0-465F-8092-48FA46BD2C38}.Ad-Hoc|x64.Build.0 = Release|x64
		{6DF1B9D6-B5D0-465F-8092-48FA46BD2C38}.Ad-Hoc|x64.Deploy.0 = Release|x64
		{6DF1B9D6-B5D0-465F-8092-48FA46BD2C38}.Ad-Hoc|x86.ActiveCfg = Release|x86
		{6DF1B9D6-B5D0-465F-8092-48FA46BD2C38}.Ad-Hoc|x86.Build.0 = Release|x86
		{6DF1B9D6-B5D0-465F-8092-48FA46BD2C38}.Ad-Hoc|x86.Deploy.0 = Release|x86
		{6DF1B9D6-B5D0-465F-8092-48FA46BD2C38}.AppStore|Any CPU.ActiveCfg = Release|x64
		{6DF1B9D6-B5D0-465F-8092-48FA46BD2C38}.AppStore|Any CPU.Build.0 = Release|x64
		{6DF1B9D6-B5D0-465F-8092-48FA46BD2C38}.AppStore|Any CPU.Deploy.0 = Release|x64
		{6DF1B9D6-B5D0-465F-8092-48FA46BD2C38}.AppStore|ARM.ActiveCfg = Release|ARM
		{6DF1B9D6-B5D0-465F-8092-48FA46BD2C38}.AppStore|ARM.Build.0 = Release|ARM
		{6DF1B9D6-B5D0-465F-8092-48FA46BD2C38}.AppStore|ARM.Deploy.0 = Release|ARM
		{6DF1B9D6-B5D0-465F-8092-48FA46BD2C38}.AppStore|iPhone.ActiveCfg = Release|x64
		{6DF1B9D6-B5D0-465F-8092-48FA46BD2C38}.AppStore|iPhone.Build.0 = Release|x64
		{6DF1B9D6-B5D0-465F-8092-48FA46BD2C38}.AppStore|iPhone.Deploy.0 = Release|x64
		{6DF1B9D6-B5D0-465F-8092-48FA46BD2C38}.AppStore|iPhoneSimulator.ActiveCfg = Release|x64
		{6DF1B9D6-B5D0-465F-8092-48FA46BD2C38}.AppStore|iPhoneSimulator.Build.0 = Release|x64
		{6DF1B9D6-B5D0-465F-8092-48FA46BD2C38}.AppStore|iPhoneSimulator.Deploy.0 = Release|x64
		{6DF1B9D6-B5D0-465F-8092-48FA46BD2C38}.AppStore|x64.ActiveCfg = Release|x64
		{6DF1B9D6-B5D0-465F-8092-48FA46BD2C38}.AppStore|x64.Build.0 = Release|x64
		{6DF1B9D6-B5D0-465F-8092-48FA46BD2C38}.AppStore|x64.Deploy.0 = Release|x64
		{6DF1B9D6-B5D0-465F-8092-48FA46BD2C38}.AppStore|x86.ActiveCfg = Release|x86
		{6DF1B9D6-B5D0-465F-8092-48FA46BD2C38}.AppStore|x86.Build.0 = Release|x86
		{6DF1B9D6-B5D0-465F-8092-48FA46BD2C38}.AppStore|x86.Deploy.0 = Release|x86
		{6DF1B9D6-B5D0-465F-8092-48FA46BD2C38}.Debug|Any CPU.ActiveCfg = Debug|x86
		{6DF1B9D6-B5D0-465F-8092-48FA46BD2C38}.Debug|Any CPU.Build.0 = Debug|x86
		{6DF1B9D6-B5D0-465F-8092-48FA46BD2C38}.Debug|Any CPU.Deploy.0 = Debug|x86
		{6DF1B9D6-B5D0-465F-8092-48FA46BD2C38}.Debug|ARM.ActiveCfg = Debug|ARM
		{6DF1B9D6-B5D0-465F-8092-48FA46BD2C38}.Debug|ARM.Build.0 = Debug|ARM
		{6DF1B9D6-B5D0-465F-8092-48FA46BD2C38}.Debug|ARM.Deploy.0 = Debug|ARM
		{6DF1B9D6-B5D0-465F-8092-48FA46BD2C38}.Debug|iPhone.ActiveCfg = Debug|x86
		{6DF1B9D6-B5D0-465F-8092-48FA46BD2C38}.Debug|iPhoneSimulator.ActiveCfg = Debug|x86
		{6DF1B9D6-B5D0-465F-8092-48FA46BD2C38}.Debug|x64.ActiveCfg = Debug|x64
		{6DF1B9D6-B5D0-465F-8092-48FA46BD2C38}.Debug|x64.Build.0 = Debug|x64
		{6DF1B9D6-B5D0-465F-8092-48FA46BD2C38}.Debug|x64.Deploy.0 = Debug|x64
		{6DF1B9D6-B5D0-465F-8092-48FA46BD2C38}.Debug|x86.ActiveCfg = Debug|x86
		{6DF1B9D6-B5D0-465F-8092-48FA46BD2C38}.Debug|x86.Build.0 = Debug|x86
		{6DF1B9D6-B5D0-465F-8092-48FA46BD2C38}.Debug|x86.Deploy.0 = Debug|x86
		{6DF1B9D6-B5D0-465F-8092-48FA46BD2C38}.Release|Any CPU.ActiveCfg = Release|x86
		{6DF1B9D6-B5D0-465F-8092-48FA46BD2C38}.Release|ARM.ActiveCfg = Release|ARM
		{6DF1B9D6-B5D0-465F-8092-48FA46BD2C38}.Release|ARM.Build.0 = Release|ARM
		{6DF1B9D6-B5D0-465F-8092-48FA46BD2C38}.Release|ARM.Deploy.0 = Release|ARM
		{6DF1B9D6-B5D0-465F-8092-48FA46BD2C38}.Release|iPhone.ActiveCfg = Release|x86
		{6DF1B9D6-B5D0-465F-8092-48FA46BD2C38}.Release|iPhoneSimulator.ActiveCfg = Release|x86
		{6DF1B9D6-B5D0-465F-8092-48FA46BD2C38}.Release|x64.ActiveCfg = Release|x64
		{6DF1B9D6-B5D0-465F-8092-48FA46BD2C38}.Release|x64.Build.0 = Release|x64
		{6DF1B9D6-B5D0-465F-8092-48FA46BD2C38}.Release|x64.Deploy.0 = Release|x64
		{6DF1B9D6-B5D0-465F-8092-48FA46BD2C38}.Release|x86.ActiveCfg = Release|x86
		{6DF1B9D6-B5D0-465F-8092-48FA46BD2C38}.Release|x86.Build.0 = Release|x86
		{6DF1B9D6-B5D0-465F-8092-48FA46BD2C38}.Release|x86.Deploy.0 = Release|x86
		{CFA0C364-0F96-4F16-BE65-14D6C56B6FAE}.Ad-Hoc|Any CPU.ActiveCfg = Debug|Any CPU
		{CFA0C364-0F96-4F16-BE65-14D6C56B6FAE}.Ad-Hoc|Any CPU.Build.0 = Debug|Any CPU
		{CFA0C364-0F96-4F16-BE65-14D6C56B6FAE}.Ad-Hoc|ARM.ActiveCfg = Debug|Any CPU
		{CFA0C364-0F96-4F16-BE65-14D6C56B6FAE}.Ad-Hoc|ARM.Build.0 = Debug|Any CPU
		{CFA0C364-0F96-4F16-BE65-14D6C56B6FAE}.Ad-Hoc|iPhone.ActiveCfg = Debug|Any CPU
		{CFA0C364-0F96-4F16-BE65-14D6C56B6FAE}.Ad-Hoc|iPhone.Build.0 = Debug|Any CPU
		{CFA0C364-0F96-4F16-BE65-14D6C56B6FAE}.Ad-Hoc|iPhoneSimulator.ActiveCfg = Debug|Any CPU
		{CFA0C364-0F96-4F16-BE65-14D6C56B6FAE}.Ad-Hoc|iPhoneSimulator.Build.0 = Debug|Any CPU
		{CFA0C364-0F96-4F16-BE65-14D6C56B6FAE}.Ad-Hoc|x64.ActiveCfg = Debug|Any CPU
		{CFA0C364-0F96-4F16-BE65-14D6C56B6FAE}.Ad-Hoc|x64.Build.0 = Debug|Any CPU
		{CFA0C364-0F96-4F16-BE65-14D6C56B6FAE}.Ad-Hoc|x86.ActiveCfg = Debug|Any CPU
		{CFA0C364-0F96-4F16-BE65-14D6C56B6FAE}.Ad-Hoc|x86.Build.0 = Debug|Any CPU
		{CFA0C364-0F96-4F16-BE65-14D6C56B6FAE}.AppStore|Any CPU.ActiveCfg = Debug|Any CPU
		{CFA0C364-0F96-4F16-BE65-14D6C56B6FAE}.AppStore|Any CPU.Build.0 = Debug|Any CPU
		{CFA0C364-0F96-4F16-BE65-14D6C56B6FAE}.AppStore|ARM.ActiveCfg = Debug|Any CPU
		{CFA0C364-0F96-4F16-BE65-14D6C56B6FAE}.AppStore|ARM.Build.0 = Debug|Any CPU
		{CFA0C364-0F96-4F16-BE65-14D6C56B6FAE}.AppStore|iPhone.ActiveCfg = Debug|Any CPU
		{CFA0C364-0F96-4F16-BE65-14D6C56B6FAE}.AppStore|iPhone.Build.0 = Debug|Any CPU
		{CFA0C364-0F96-4F16-BE65-14D6C56B6FAE}.AppStore|iPhoneSimulator.ActiveCfg = Debug|Any CPU
		{CFA0C364-0F96-4F16-BE65-14D6C56B6FAE}.AppStore|iPhoneSimulator.Build.0 = Debug|Any CPU
		{CFA0C364-0F96-4F16-BE65-14D6C56B6FAE}.AppStore|x64.ActiveCfg = Debug|Any CPU
		{CFA0C364-0F96-4F16-BE65-14D6C56B6FAE}.AppStore|x64.Build.0 = Debug|Any CPU
		{CFA0C364-0F96-4F16-BE65-14D6C56B6FAE}.AppStore|x86.ActiveCfg = Debug|Any CPU
		{CFA0C364-0F96-4F16-BE65-14D6C56B6FAE}.AppStore|x86.Build.0 = Debug|Any CPU
		{CFA0C364-0F96-4F16-BE65-14D6C56B6FAE}.Debug|Any CPU.ActiveCfg = Debug|Any CPU
		{CFA0C364-0F96-4F16-BE65-14D6C56B6FAE}.Debug|Any CPU.Build.0 = Debug|Any CPU
		{CFA0C364-0F96-4F16-BE65-14D6C56B6FAE}.Debug|ARM.ActiveCfg = Debug|Any CPU
		{CFA0C364-0F96-4F16-BE65-14D6C56B6FAE}.Debug|ARM.Build.0 = Debug|Any CPU
		{CFA0C364-0F96-4F16-BE65-14D6C56B6FAE}.Debug|iPhone.ActiveCfg = Debug|Any CPU
		{CFA0C364-0F96-4F16-BE65-14D6C56B6FAE}.Debug|iPhone.Build.0 = Debug|Any CPU
		{CFA0C364-0F96-4F16-BE65-14D6C56B6FAE}.Debug|iPhoneSimulator.ActiveCfg = Debug|Any CPU
		{CFA0C364-0F96-4F16-BE65-14D6C56B6FAE}.Debug|iPhoneSimulator.Build.0 = Debug|Any CPU
		{CFA0C364-0F96-4F16-BE65-14D6C56B6FAE}.Debug|x64.ActiveCfg = Debug|Any CPU
		{CFA0C364-0F96-4F16-BE65-14D6C56B6FAE}.Debug|x64.Build.0 = Debug|Any CPU
		{CFA0C364-0F96-4F16-BE65-14D6C56B6FAE}.Debug|x86.ActiveCfg = Debug|Any CPU
		{CFA0C364-0F96-4F16-BE65-14D6C56B6FAE}.Debug|x86.Build.0 = Debug|Any CPU
		{CFA0C364-0F96-4F16-BE65-14D6C56B6FAE}.Release|Any CPU.ActiveCfg = Release|Any CPU
		{CFA0C364-0F96-4F16-BE65-14D6C56B6FAE}.Release|Any CPU.Build.0 = Release|Any CPU
		{CFA0C364-0F96-4F16-BE65-14D6C56B6FAE}.Release|ARM.ActiveCfg = Release|Any CPU
		{CFA0C364-0F96-4F16-BE65-14D6C56B6FAE}.Release|ARM.Build.0 = Release|Any CPU
		{CFA0C364-0F96-4F16-BE65-14D6C56B6FAE}.Release|iPhone.ActiveCfg = Release|Any CPU
		{CFA0C364-0F96-4F16-BE65-14D6C56B6FAE}.Release|iPhone.Build.0 = Release|Any CPU
		{CFA0C364-0F96-4F16-BE65-14D6C56B6FAE}.Release|iPhoneSimulator.ActiveCfg = Release|Any CPU
		{CFA0C364-0F96-4F16-BE65-14D6C56B6FAE}.Release|iPhoneSimulator.Build.0 = Release|Any CPU
		{CFA0C364-0F96-4F16-BE65-14D6C56B6FAE}.Release|x64.ActiveCfg = Release|Any CPU
		{CFA0C364-0F96-4F16-BE65-14D6C56B6FAE}.Release|x64.Build.0 = Release|Any CPU
		{CFA0C364-0F96-4F16-BE65-14D6C56B6FAE}.Release|x86.ActiveCfg = Release|Any CPU
		{CFA0C364-0F96-4F16-BE65-14D6C56B6FAE}.Release|x86.Build.0 = Release|Any CPU
		{D2C72A9E-1870-466E-9D65-BA1ACCED6B41}.Ad-Hoc|Any CPU.ActiveCfg = Debug|Any CPU
		{D2C72A9E-1870-466E-9D65-BA1ACCED6B41}.Ad-Hoc|Any CPU.Build.0 = Debug|Any CPU
		{D2C72A9E-1870-466E-9D65-BA1ACCED6B41}.Ad-Hoc|ARM.ActiveCfg = Debug|Any CPU
		{D2C72A9E-1870-466E-9D65-BA1ACCED6B41}.Ad-Hoc|ARM.Build.0 = Debug|Any CPU
		{D2C72A9E-1870-466E-9D65-BA1ACCED6B41}.Ad-Hoc|iPhone.ActiveCfg = Debug|Any CPU
		{D2C72A9E-1870-466E-9D65-BA1ACCED6B41}.Ad-Hoc|iPhone.Build.0 = Debug|Any CPU
		{D2C72A9E-1870-466E-9D65-BA1ACCED6B41}.Ad-Hoc|iPhoneSimulator.ActiveCfg = Debug|Any CPU
		{D2C72A9E-1870-466E-9D65-BA1ACCED6B41}.Ad-Hoc|iPhoneSimulator.Build.0 = Debug|Any CPU
		{D2C72A9E-1870-466E-9D65-BA1ACCED6B41}.Ad-Hoc|x64.ActiveCfg = Debug|Any CPU
		{D2C72A9E-1870-466E-9D65-BA1ACCED6B41}.Ad-Hoc|x64.Build.0 = Debug|Any CPU
		{D2C72A9E-1870-466E-9D65-BA1ACCED6B41}.Ad-Hoc|x86.ActiveCfg = Debug|Any CPU
		{D2C72A9E-1870-466E-9D65-BA1ACCED6B41}.Ad-Hoc|x86.Build.0 = Debug|Any CPU
		{D2C72A9E-1870-466E-9D65-BA1ACCED6B41}.AppStore|Any CPU.ActiveCfg = Debug|Any CPU
		{D2C72A9E-1870-466E-9D65-BA1ACCED6B41}.AppStore|Any CPU.Build.0 = Debug|Any CPU
		{D2C72A9E-1870-466E-9D65-BA1ACCED6B41}.AppStore|ARM.ActiveCfg = Debug|Any CPU
		{D2C72A9E-1870-466E-9D65-BA1ACCED6B41}.AppStore|ARM.Build.0 = Debug|Any CPU
		{D2C72A9E-1870-466E-9D65-BA1ACCED6B41}.AppStore|iPhone.ActiveCfg = Debug|Any CPU
		{D2C72A9E-1870-466E-9D65-BA1ACCED6B41}.AppStore|iPhone.Build.0 = Debug|Any CPU
		{D2C72A9E-1870-466E-9D65-BA1ACCED6B41}.AppStore|iPhoneSimulator.ActiveCfg = Debug|Any CPU
		{D2C72A9E-1870-466E-9D65-BA1ACCED6B41}.AppStore|iPhoneSimulator.Build.0 = Debug|Any CPU
		{D2C72A9E-1870-466E-9D65-BA1ACCED6B41}.AppStore|x64.ActiveCfg = Debug|Any CPU
		{D2C72A9E-1870-466E-9D65-BA1ACCED6B41}.AppStore|x64.Build.0 = Debug|Any CPU
		{D2C72A9E-1870-466E-9D65-BA1ACCED6B41}.AppStore|x86.ActiveCfg = Debug|Any CPU
		{D2C72A9E-1870-466E-9D65-BA1ACCED6B41}.AppStore|x86.Build.0 = Debug|Any CPU
		{D2C72A9E-1870-466E-9D65-BA1ACCED6B41}.Debug|Any CPU.ActiveCfg = Debug|Any CPU
		{D2C72A9E-1870-466E-9D65-BA1ACCED6B41}.Debug|Any CPU.Build.0 = Debug|Any CPU
		{D2C72A9E-1870-466E-9D65-BA1ACCED6B41}.Debug|ARM.ActiveCfg = Debug|Any CPU
		{D2C72A9E-1870-466E-9D65-BA1ACCED6B41}.Debug|ARM.Build.0 = Debug|Any CPU
		{D2C72A9E-1870-466E-9D65-BA1ACCED6B41}.Debug|iPhone.ActiveCfg = Debug|Any CPU
		{D2C72A9E-1870-466E-9D65-BA1ACCED6B41}.Debug|iPhone.Build.0 = Debug|Any CPU
		{D2C72A9E-1870-466E-9D65-BA1ACCED6B41}.Debug|iPhoneSimulator.ActiveCfg = Debug|Any CPU
		{D2C72A9E-1870-466E-9D65-BA1ACCED6B41}.Debug|iPhoneSimulator.Build.0 = Debug|Any CPU
		{D2C72A9E-1870-466E-9D65-BA1ACCED6B41}.Debug|x64.ActiveCfg = Debug|Any CPU
		{D2C72A9E-1870-466E-9D65-BA1ACCED6B41}.Debug|x64.Build.0 = Debug|Any CPU
		{D2C72A9E-1870-466E-9D65-BA1ACCED6B41}.Debug|x86.ActiveCfg = Debug|Any CPU
		{D2C72A9E-1870-466E-9D65-BA1ACCED6B41}.Debug|x86.Build.0 = Debug|Any CPU
		{D2C72A9E-1870-466E-9D65-BA1ACCED6B41}.Release|Any CPU.ActiveCfg = Release|Any CPU
		{D2C72A9E-1870-466E-9D65-BA1ACCED6B41}.Release|Any CPU.Build.0 = Release|Any CPU
		{D2C72A9E-1870-466E-9D65-BA1ACCED6B41}.Release|ARM.ActiveCfg = Release|Any CPU
		{D2C72A9E-1870-466E-9D65-BA1ACCED6B41}.Release|ARM.Build.0 = Release|Any CPU
		{D2C72A9E-1870-466E-9D65-BA1ACCED6B41}.Release|iPhone.ActiveCfg = Release|Any CPU
		{D2C72A9E-1870-466E-9D65-BA1ACCED6B41}.Release|iPhone.Build.0 = Release|Any CPU
		{D2C72A9E-1870-466E-9D65-BA1ACCED6B41}.Release|iPhoneSimulator.ActiveCfg = Release|Any CPU
		{D2C72A9E-1870-466E-9D65-BA1ACCED6B41}.Release|iPhoneSimulator.Build.0 = Release|Any CPU
		{D2C72A9E-1870-466E-9D65-BA1ACCED6B41}.Release|x64.ActiveCfg = Release|Any CPU
		{D2C72A9E-1870-466E-9D65-BA1ACCED6B41}.Release|x64.Build.0 = Release|Any CPU
		{D2C72A9E-1870-466E-9D65-BA1ACCED6B41}.Release|x86.ActiveCfg = Release|Any CPU
		{D2C72A9E-1870-466E-9D65-BA1ACCED6B41}.Release|x86.Build.0 = Release|Any CPU
		{02993892-FE69-4919-8CFC-B6DC516DAE61}.Ad-Hoc|Any CPU.ActiveCfg = Debug|Any CPU
		{02993892-FE69-4919-8CFC-B6DC516DAE61}.Ad-Hoc|Any CPU.Build.0 = Debug|Any CPU
		{02993892-FE69-4919-8CFC-B6DC516DAE61}.Ad-Hoc|ARM.ActiveCfg = Debug|Any CPU
		{02993892-FE69-4919-8CFC-B6DC516DAE61}.Ad-Hoc|ARM.Build.0 = Debug|Any CPU
		{02993892-FE69-4919-8CFC-B6DC516DAE61}.Ad-Hoc|iPhone.ActiveCfg = Debug|Any CPU
		{02993892-FE69-4919-8CFC-B6DC516DAE61}.Ad-Hoc|iPhone.Build.0 = Debug|Any CPU
		{02993892-FE69-4919-8CFC-B6DC516DAE61}.Ad-Hoc|iPhoneSimulator.ActiveCfg = Debug|Any CPU
		{02993892-FE69-4919-8CFC-B6DC516DAE61}.Ad-Hoc|iPhoneSimulator.Build.0 = Debug|Any CPU
		{02993892-FE69-4919-8CFC-B6DC516DAE61}.Ad-Hoc|x64.ActiveCfg = Debug|Any CPU
		{02993892-FE69-4919-8CFC-B6DC516DAE61}.Ad-Hoc|x64.Build.0 = Debug|Any CPU
		{02993892-FE69-4919-8CFC-B6DC516DAE61}.Ad-Hoc|x86.ActiveCfg = Debug|Any CPU
		{02993892-FE69-4919-8CFC-B6DC516DAE61}.Ad-Hoc|x86.Build.0 = Debug|Any CPU
		{02993892-FE69-4919-8CFC-B6DC516DAE61}.AppStore|Any CPU.ActiveCfg = Debug|Any CPU
		{02993892-FE69-4919-8CFC-B6DC516DAE61}.AppStore|Any CPU.Build.0 = Debug|Any CPU
		{02993892-FE69-4919-8CFC-B6DC516DAE61}.AppStore|ARM.ActiveCfg = Debug|Any CPU
		{02993892-FE69-4919-8CFC-B6DC516DAE61}.AppStore|ARM.Build.0 = Debug|Any CPU
		{02993892-FE69-4919-8CFC-B6DC516DAE61}.AppStore|iPhone.ActiveCfg = Debug|Any CPU
		{02993892-FE69-4919-8CFC-B6DC516DAE61}.AppStore|iPhone.Build.0 = Debug|Any CPU
		{02993892-FE69-4919-8CFC-B6DC516DAE61}.AppStore|iPhoneSimulator.ActiveCfg = Debug|Any CPU
		{02993892-FE69-4919-8CFC-B6DC516DAE61}.AppStore|iPhoneSimulator.Build.0 = Debug|Any CPU
		{02993892-FE69-4919-8CFC-B6DC516DAE61}.AppStore|x64.ActiveCfg = Debug|Any CPU
		{02993892-FE69-4919-8CFC-B6DC516DAE61}.AppStore|x64.Build.0 = Debug|Any CPU
		{02993892-FE69-4919-8CFC-B6DC516DAE61}.AppStore|x86.ActiveCfg = Debug|Any CPU
		{02993892-FE69-4919-8CFC-B6DC516DAE61}.AppStore|x86.Build.0 = Debug|Any CPU
		{02993892-FE69-4919-8CFC-B6DC516DAE61}.Debug|Any CPU.ActiveCfg = Debug|Any CPU
		{02993892-FE69-4919-8CFC-B6DC516DAE61}.Debug|Any CPU.Build.0 = Debug|Any CPU
		{02993892-FE69-4919-8CFC-B6DC516DAE61}.Debug|ARM.ActiveCfg = Debug|Any CPU
		{02993892-FE69-4919-8CFC-B6DC516DAE61}.Debug|ARM.Build.0 = Debug|Any CPU
		{02993892-FE69-4919-8CFC-B6DC516DAE61}.Debug|iPhone.ActiveCfg = Debug|Any CPU
		{02993892-FE69-4919-8CFC-B6DC516DAE61}.Debug|iPhone.Build.0 = Debug|Any CPU
		{02993892-FE69-4919-8CFC-B6DC516DAE61}.Debug|iPhoneSimulator.ActiveCfg = Debug|Any CPU
		{02993892-FE69-4919-8CFC-B6DC516DAE61}.Debug|iPhoneSimulator.Build.0 = Debug|Any CPU
		{02993892-FE69-4919-8CFC-B6DC516DAE61}.Debug|x64.ActiveCfg = Debug|Any CPU
		{02993892-FE69-4919-8CFC-B6DC516DAE61}.Debug|x64.Build.0 = Debug|Any CPU
		{02993892-FE69-4919-8CFC-B6DC516DAE61}.Debug|x86.ActiveCfg = Debug|Any CPU
		{02993892-FE69-4919-8CFC-B6DC516DAE61}.Debug|x86.Build.0 = Debug|Any CPU
		{02993892-FE69-4919-8CFC-B6DC516DAE61}.Release|Any CPU.ActiveCfg = Release|Any CPU
		{02993892-FE69-4919-8CFC-B6DC516DAE61}.Release|Any CPU.Build.0 = Release|Any CPU
		{02993892-FE69-4919-8CFC-B6DC516DAE61}.Release|ARM.ActiveCfg = Release|Any CPU
		{02993892-FE69-4919-8CFC-B6DC516DAE61}.Release|ARM.Build.0 = Release|Any CPU
		{02993892-FE69-4919-8CFC-B6DC516DAE61}.Release|iPhone.ActiveCfg = Release|Any CPU
		{02993892-FE69-4919-8CFC-B6DC516DAE61}.Release|iPhone.Build.0 = Release|Any CPU
		{02993892-FE69-4919-8CFC-B6DC516DAE61}.Release|iPhoneSimulator.ActiveCfg = Release|Any CPU
		{02993892-FE69-4919-8CFC-B6DC516DAE61}.Release|iPhoneSimulator.Build.0 = Release|Any CPU
		{02993892-FE69-4919-8CFC-B6DC516DAE61}.Release|x64.ActiveCfg = Release|Any CPU
		{02993892-FE69-4919-8CFC-B6DC516DAE61}.Release|x64.Build.0 = Release|Any CPU
		{02993892-FE69-4919-8CFC-B6DC516DAE61}.Release|x86.ActiveCfg = Release|Any CPU
		{02993892-FE69-4919-8CFC-B6DC516DAE61}.Release|x86.Build.0 = Release|Any CPU
		{06ABA8FF-66B5-432A-83A3-5BC80BE4B499}.Ad-Hoc|Any CPU.ActiveCfg = Debug|Any CPU
		{06ABA8FF-66B5-432A-83A3-5BC80BE4B499}.Ad-Hoc|Any CPU.Build.0 = Debug|Any CPU
		{06ABA8FF-66B5-432A-83A3-5BC80BE4B499}.Ad-Hoc|ARM.ActiveCfg = Debug|Any CPU
		{06ABA8FF-66B5-432A-83A3-5BC80BE4B499}.Ad-Hoc|ARM.Build.0 = Debug|Any CPU
		{06ABA8FF-66B5-432A-83A3-5BC80BE4B499}.Ad-Hoc|iPhone.ActiveCfg = Debug|Any CPU
		{06ABA8FF-66B5-432A-83A3-5BC80BE4B499}.Ad-Hoc|iPhone.Build.0 = Debug|Any CPU
		{06ABA8FF-66B5-432A-83A3-5BC80BE4B499}.Ad-Hoc|iPhoneSimulator.ActiveCfg = Debug|Any CPU
		{06ABA8FF-66B5-432A-83A3-5BC80BE4B499}.Ad-Hoc|iPhoneSimulator.Build.0 = Debug|Any CPU
		{06ABA8FF-66B5-432A-83A3-5BC80BE4B499}.Ad-Hoc|x64.ActiveCfg = Debug|Any CPU
		{06ABA8FF-66B5-432A-83A3-5BC80BE4B499}.Ad-Hoc|x64.Build.0 = Debug|Any CPU
		{06ABA8FF-66B5-432A-83A3-5BC80BE4B499}.Ad-Hoc|x86.ActiveCfg = Debug|Any CPU
		{06ABA8FF-66B5-432A-83A3-5BC80BE4B499}.Ad-Hoc|x86.Build.0 = Debug|Any CPU
		{06ABA8FF-66B5-432A-83A3-5BC80BE4B499}.AppStore|Any CPU.ActiveCfg = Debug|Any CPU
		{06ABA8FF-66B5-432A-83A3-5BC80BE4B499}.AppStore|Any CPU.Build.0 = Debug|Any CPU
		{06ABA8FF-66B5-432A-83A3-5BC80BE4B499}.AppStore|ARM.ActiveCfg = Debug|Any CPU
		{06ABA8FF-66B5-432A-83A3-5BC80BE4B499}.AppStore|ARM.Build.0 = Debug|Any CPU
		{06ABA8FF-66B5-432A-83A3-5BC80BE4B499}.AppStore|iPhone.ActiveCfg = Debug|Any CPU
		{06ABA8FF-66B5-432A-83A3-5BC80BE4B499}.AppStore|iPhone.Build.0 = Debug|Any CPU
		{06ABA8FF-66B5-432A-83A3-5BC80BE4B499}.AppStore|iPhoneSimulator.ActiveCfg = Debug|Any CPU
		{06ABA8FF-66B5-432A-83A3-5BC80BE4B499}.AppStore|iPhoneSimulator.Build.0 = Debug|Any CPU
		{06ABA8FF-66B5-432A-83A3-5BC80BE4B499}.AppStore|x64.ActiveCfg = Debug|Any CPU
		{06ABA8FF-66B5-432A-83A3-5BC80BE4B499}.AppStore|x64.Build.0 = Debug|Any CPU
		{06ABA8FF-66B5-432A-83A3-5BC80BE4B499}.AppStore|x86.ActiveCfg = Debug|Any CPU
		{06ABA8FF-66B5-432A-83A3-5BC80BE4B499}.AppStore|x86.Build.0 = Debug|Any CPU
		{06ABA8FF-66B5-432A-83A3-5BC80BE4B499}.Debug|Any CPU.ActiveCfg = Debug|Any CPU
		{06ABA8FF-66B5-432A-83A3-5BC80BE4B499}.Debug|Any CPU.Build.0 = Debug|Any CPU
		{06ABA8FF-66B5-432A-83A3-5BC80BE4B499}.Debug|ARM.ActiveCfg = Debug|Any CPU
		{06ABA8FF-66B5-432A-83A3-5BC80BE4B499}.Debug|ARM.Build.0 = Debug|Any CPU
		{06ABA8FF-66B5-432A-83A3-5BC80BE4B499}.Debug|iPhone.ActiveCfg = Debug|Any CPU
		{06ABA8FF-66B5-432A-83A3-5BC80BE4B499}.Debug|iPhone.Build.0 = Debug|Any CPU
		{06ABA8FF-66B5-432A-83A3-5BC80BE4B499}.Debug|iPhoneSimulator.ActiveCfg = Debug|Any CPU
		{06ABA8FF-66B5-432A-83A3-5BC80BE4B499}.Debug|iPhoneSimulator.Build.0 = Debug|Any CPU
		{06ABA8FF-66B5-432A-83A3-5BC80BE4B499}.Debug|x64.ActiveCfg = Debug|Any CPU
		{06ABA8FF-66B5-432A-83A3-5BC80BE4B499}.Debug|x64.Build.0 = Debug|Any CPU
		{06ABA8FF-66B5-432A-83A3-5BC80BE4B499}.Debug|x86.ActiveCfg = Debug|Any CPU
		{06ABA8FF-66B5-432A-83A3-5BC80BE4B499}.Debug|x86.Build.0 = Debug|Any CPU
		{06ABA8FF-66B5-432A-83A3-5BC80BE4B499}.Release|Any CPU.ActiveCfg = Release|Any CPU
		{06ABA8FF-66B5-432A-83A3-5BC80BE4B499}.Release|Any CPU.Build.0 = Release|Any CPU
		{06ABA8FF-66B5-432A-83A3-5BC80BE4B499}.Release|ARM.ActiveCfg = Release|Any CPU
		{06ABA8FF-66B5-432A-83A3-5BC80BE4B499}.Release|ARM.Build.0 = Release|Any CPU
		{06ABA8FF-66B5-432A-83A3-5BC80BE4B499}.Release|iPhone.ActiveCfg = Release|Any CPU
		{06ABA8FF-66B5-432A-83A3-5BC80BE4B499}.Release|iPhone.Build.0 = Release|Any CPU
		{06ABA8FF-66B5-432A-83A3-5BC80BE4B499}.Release|iPhoneSimulator.ActiveCfg = Release|Any CPU
		{06ABA8FF-66B5-432A-83A3-5BC80BE4B499}.Release|iPhoneSimulator.Build.0 = Release|Any CPU
		{06ABA8FF-66B5-432A-83A3-5BC80BE4B499}.Release|x64.ActiveCfg = Release|Any CPU
		{06ABA8FF-66B5-432A-83A3-5BC80BE4B499}.Release|x64.Build.0 = Release|Any CPU
		{06ABA8FF-66B5-432A-83A3-5BC80BE4B499}.Release|x86.ActiveCfg = Release|Any CPU
		{06ABA8FF-66B5-432A-83A3-5BC80BE4B499}.Release|x86.Build.0 = Release|Any CPU
		{AAADA519-76AC-4F08-B2A3-DB9B1C360B10}.Ad-Hoc|Any CPU.ActiveCfg = Debug|Any CPU
		{AAADA519-76AC-4F08-B2A3-DB9B1C360B10}.Ad-Hoc|Any CPU.Build.0 = Debug|Any CPU
		{AAADA519-76AC-4F08-B2A3-DB9B1C360B10}.Ad-Hoc|ARM.ActiveCfg = Debug|Any CPU
		{AAADA519-76AC-4F08-B2A3-DB9B1C360B10}.Ad-Hoc|ARM.Build.0 = Debug|Any CPU
		{AAADA519-76AC-4F08-B2A3-DB9B1C360B10}.Ad-Hoc|iPhone.ActiveCfg = Debug|Any CPU
		{AAADA519-76AC-4F08-B2A3-DB9B1C360B10}.Ad-Hoc|iPhone.Build.0 = Debug|Any CPU
		{AAADA519-76AC-4F08-B2A3-DB9B1C360B10}.Ad-Hoc|iPhoneSimulator.ActiveCfg = Debug|Any CPU
		{AAADA519-76AC-4F08-B2A3-DB9B1C360B10}.Ad-Hoc|iPhoneSimulator.Build.0 = Debug|Any CPU
		{AAADA519-76AC-4F08-B2A3-DB9B1C360B10}.Ad-Hoc|x64.ActiveCfg = Debug|Any CPU
		{AAADA519-76AC-4F08-B2A3-DB9B1C360B10}.Ad-Hoc|x64.Build.0 = Debug|Any CPU
		{AAADA519-76AC-4F08-B2A3-DB9B1C360B10}.Ad-Hoc|x86.ActiveCfg = Debug|Any CPU
		{AAADA519-76AC-4F08-B2A3-DB9B1C360B10}.Ad-Hoc|x86.Build.0 = Debug|Any CPU
		{AAADA519-76AC-4F08-B2A3-DB9B1C360B10}.AppStore|Any CPU.ActiveCfg = Debug|Any CPU
		{AAADA519-76AC-4F08-B2A3-DB9B1C360B10}.AppStore|Any CPU.Build.0 = Debug|Any CPU
		{AAADA519-76AC-4F08-B2A3-DB9B1C360B10}.AppStore|ARM.ActiveCfg = Debug|Any CPU
		{AAADA519-76AC-4F08-B2A3-DB9B1C360B10}.AppStore|ARM.Build.0 = Debug|Any CPU
		{AAADA519-76AC-4F08-B2A3-DB9B1C360B10}.AppStore|iPhone.ActiveCfg = Debug|Any CPU
		{AAADA519-76AC-4F08-B2A3-DB9B1C360B10}.AppStore|iPhone.Build.0 = Debug|Any CPU
		{AAADA519-76AC-4F08-B2A3-DB9B1C360B10}.AppStore|iPhoneSimulator.ActiveCfg = Debug|Any CPU
		{AAADA519-76AC-4F08-B2A3-DB9B1C360B10}.AppStore|iPhoneSimulator.Build.0 = Debug|Any CPU
		{AAADA519-76AC-4F08-B2A3-DB9B1C360B10}.AppStore|x64.ActiveCfg = Debug|Any CPU
		{AAADA519-76AC-4F08-B2A3-DB9B1C360B10}.AppStore|x64.Build.0 = Debug|Any CPU
		{AAADA519-76AC-4F08-B2A3-DB9B1C360B10}.AppStore|x86.ActiveCfg = Debug|Any CPU
		{AAADA519-76AC-4F08-B2A3-DB9B1C360B10}.AppStore|x86.Build.0 = Debug|Any CPU
		{AAADA519-76AC-4F08-B2A3-DB9B1C360B10}.Debug|Any CPU.ActiveCfg = Debug|Any CPU
		{AAADA519-76AC-4F08-B2A3-DB9B1C360B10}.Debug|Any CPU.Build.0 = Debug|Any CPU
		{AAADA519-76AC-4F08-B2A3-DB9B1C360B10}.Debug|ARM.ActiveCfg = Debug|Any CPU
		{AAADA519-76AC-4F08-B2A3-DB9B1C360B10}.Debug|ARM.Build.0 = Debug|Any CPU
		{AAADA519-76AC-4F08-B2A3-DB9B1C360B10}.Debug|iPhone.ActiveCfg = Debug|Any CPU
		{AAADA519-76AC-4F08-B2A3-DB9B1C360B10}.Debug|iPhone.Build.0 = Debug|Any CPU
		{AAADA519-76AC-4F08-B2A3-DB9B1C360B10}.Debug|iPhoneSimulator.ActiveCfg = Debug|Any CPU
		{AAADA519-76AC-4F08-B2A3-DB9B1C360B10}.Debug|iPhoneSimulator.Build.0 = Debug|Any CPU
		{AAADA519-76AC-4F08-B2A3-DB9B1C360B10}.Debug|x64.ActiveCfg = Debug|Any CPU
		{AAADA519-76AC-4F08-B2A3-DB9B1C360B10}.Debug|x64.Build.0 = Debug|Any CPU
		{AAADA519-76AC-4F08-B2A3-DB9B1C360B10}.Debug|x86.ActiveCfg = Debug|Any CPU
		{AAADA519-76AC-4F08-B2A3-DB9B1C360B10}.Debug|x86.Build.0 = Debug|Any CPU
		{AAADA519-76AC-4F08-B2A3-DB9B1C360B10}.Release|Any CPU.ActiveCfg = Release|Any CPU
		{AAADA519-76AC-4F08-B2A3-DB9B1C360B10}.Release|Any CPU.Build.0 = Release|Any CPU
		{AAADA519-76AC-4F08-B2A3-DB9B1C360B10}.Release|ARM.ActiveCfg = Release|Any CPU
		{AAADA519-76AC-4F08-B2A3-DB9B1C360B10}.Release|ARM.Build.0 = Release|Any CPU
		{AAADA519-76AC-4F08-B2A3-DB9B1C360B10}.Release|iPhone.ActiveCfg = Release|Any CPU
		{AAADA519-76AC-4F08-B2A3-DB9B1C360B10}.Release|iPhone.Build.0 = Release|Any CPU
		{AAADA519-76AC-4F08-B2A3-DB9B1C360B10}.Release|iPhoneSimulator.ActiveCfg = Release|Any CPU
		{AAADA519-76AC-4F08-B2A3-DB9B1C360B10}.Release|iPhoneSimulator.Build.0 = Release|Any CPU
		{AAADA519-76AC-4F08-B2A3-DB9B1C360B10}.Release|x64.ActiveCfg = Release|Any CPU
		{AAADA519-76AC-4F08-B2A3-DB9B1C360B10}.Release|x64.Build.0 = Release|Any CPU
		{AAADA519-76AC-4F08-B2A3-DB9B1C360B10}.Release|x86.ActiveCfg = Release|Any CPU
		{AAADA519-76AC-4F08-B2A3-DB9B1C360B10}.Release|x86.Build.0 = Release|Any CPU
		{BF84D947-91F1-4AC7-81EE-1410525639BB}.Ad-Hoc|Any CPU.ActiveCfg = Debug|Any CPU
		{BF84D947-91F1-4AC7-81EE-1410525639BB}.Ad-Hoc|Any CPU.Build.0 = Debug|Any CPU
		{BF84D947-91F1-4AC7-81EE-1410525639BB}.Ad-Hoc|ARM.ActiveCfg = Debug|Any CPU
		{BF84D947-91F1-4AC7-81EE-1410525639BB}.Ad-Hoc|ARM.Build.0 = Debug|Any CPU
		{BF84D947-91F1-4AC7-81EE-1410525639BB}.Ad-Hoc|iPhone.ActiveCfg = Debug|Any CPU
		{BF84D947-91F1-4AC7-81EE-1410525639BB}.Ad-Hoc|iPhone.Build.0 = Debug|Any CPU
		{BF84D947-91F1-4AC7-81EE-1410525639BB}.Ad-Hoc|iPhoneSimulator.ActiveCfg = Debug|Any CPU
		{BF84D947-91F1-4AC7-81EE-1410525639BB}.Ad-Hoc|iPhoneSimulator.Build.0 = Debug|Any CPU
		{BF84D947-91F1-4AC7-81EE-1410525639BB}.Ad-Hoc|x64.ActiveCfg = Debug|Any CPU
		{BF84D947-91F1-4AC7-81EE-1410525639BB}.Ad-Hoc|x64.Build.0 = Debug|Any CPU
		{BF84D947-91F1-4AC7-81EE-1410525639BB}.Ad-Hoc|x86.ActiveCfg = Debug|Any CPU
		{BF84D947-91F1-4AC7-81EE-1410525639BB}.Ad-Hoc|x86.Build.0 = Debug|Any CPU
		{BF84D947-91F1-4AC7-81EE-1410525639BB}.AppStore|Any CPU.ActiveCfg = Debug|Any CPU
		{BF84D947-91F1-4AC7-81EE-1410525639BB}.AppStore|Any CPU.Build.0 = Debug|Any CPU
		{BF84D947-91F1-4AC7-81EE-1410525639BB}.AppStore|ARM.ActiveCfg = Debug|Any CPU
		{BF84D947-91F1-4AC7-81EE-1410525639BB}.AppStore|ARM.Build.0 = Debug|Any CPU
		{BF84D947-91F1-4AC7-81EE-1410525639BB}.AppStore|iPhone.ActiveCfg = Debug|Any CPU
		{BF84D947-91F1-4AC7-81EE-1410525639BB}.AppStore|iPhone.Build.0 = Debug|Any CPU
		{BF84D947-91F1-4AC7-81EE-1410525639BB}.AppStore|iPhoneSimulator.ActiveCfg = Debug|Any CPU
		{BF84D947-91F1-4AC7-81EE-1410525639BB}.AppStore|iPhoneSimulator.Build.0 = Debug|Any CPU
		{BF84D947-91F1-4AC7-81EE-1410525639BB}.AppStore|x64.ActiveCfg = Debug|Any CPU
		{BF84D947-91F1-4AC7-81EE-1410525639BB}.AppStore|x64.Build.0 = Debug|Any CPU
		{BF84D947-91F1-4AC7-81EE-1410525639BB}.AppStore|x86.ActiveCfg = Debug|Any CPU
		{BF84D947-91F1-4AC7-81EE-1410525639BB}.AppStore|x86.Build.0 = Debug|Any CPU
		{BF84D947-91F1-4AC7-81EE-1410525639BB}.Debug|Any CPU.ActiveCfg = Debug|Any CPU
		{BF84D947-91F1-4AC7-81EE-1410525639BB}.Debug|Any CPU.Build.0 = Debug|Any CPU
		{BF84D947-91F1-4AC7-81EE-1410525639BB}.Debug|ARM.ActiveCfg = Debug|Any CPU
		{BF84D947-91F1-4AC7-81EE-1410525639BB}.Debug|ARM.Build.0 = Debug|Any CPU
		{BF84D947-91F1-4AC7-81EE-1410525639BB}.Debug|iPhone.ActiveCfg = Debug|Any CPU
		{BF84D947-91F1-4AC7-81EE-1410525639BB}.Debug|iPhone.Build.0 = Debug|Any CPU
		{BF84D947-91F1-4AC7-81EE-1410525639BB}.Debug|iPhoneSimulator.ActiveCfg = Debug|Any CPU
		{BF84D947-91F1-4AC7-81EE-1410525639BB}.Debug|iPhoneSimulator.Build.0 = Debug|Any CPU
		{BF84D947-91F1-4AC7-81EE-1410525639BB}.Debug|x64.ActiveCfg = Debug|Any CPU
		{BF84D947-91F1-4AC7-81EE-1410525639BB}.Debug|x64.Build.0 = Debug|Any CPU
		{BF84D947-91F1-4AC7-81EE-1410525639BB}.Debug|x86.ActiveCfg = Debug|Any CPU
		{BF84D947-91F1-4AC7-81EE-1410525639BB}.Debug|x86.Build.0 = Debug|Any CPU
		{BF84D947-91F1-4AC7-81EE-1410525639BB}.Release|Any CPU.ActiveCfg = Release|Any CPU
		{BF84D947-91F1-4AC7-81EE-1410525639BB}.Release|Any CPU.Build.0 = Release|Any CPU
		{BF84D947-91F1-4AC7-81EE-1410525639BB}.Release|ARM.ActiveCfg = Release|Any CPU
		{BF84D947-91F1-4AC7-81EE-1410525639BB}.Release|ARM.Build.0 = Release|Any CPU
		{BF84D947-91F1-4AC7-81EE-1410525639BB}.Release|iPhone.ActiveCfg = Release|Any CPU
		{BF84D947-91F1-4AC7-81EE-1410525639BB}.Release|iPhone.Build.0 = Release|Any CPU
		{BF84D947-91F1-4AC7-81EE-1410525639BB}.Release|iPhoneSimulator.ActiveCfg = Release|Any CPU
		{BF84D947-91F1-4AC7-81EE-1410525639BB}.Release|iPhoneSimulator.Build.0 = Release|Any CPU
		{BF84D947-91F1-4AC7-81EE-1410525639BB}.Release|x64.ActiveCfg = Release|Any CPU
		{BF84D947-91F1-4AC7-81EE-1410525639BB}.Release|x64.Build.0 = Release|Any CPU
		{BF84D947-91F1-4AC7-81EE-1410525639BB}.Release|x86.ActiveCfg = Release|Any CPU
		{BF84D947-91F1-4AC7-81EE-1410525639BB}.Release|x86.Build.0 = Release|Any CPU
		{112EA05C-06FA-424F-B218-1051794C1D6F}.Ad-Hoc|Any CPU.ActiveCfg = Debug|Any CPU
		{112EA05C-06FA-424F-B218-1051794C1D6F}.Ad-Hoc|Any CPU.Build.0 = Debug|Any CPU
		{112EA05C-06FA-424F-B218-1051794C1D6F}.Ad-Hoc|ARM.ActiveCfg = Debug|Any CPU
		{112EA05C-06FA-424F-B218-1051794C1D6F}.Ad-Hoc|ARM.Build.0 = Debug|Any CPU
		{112EA05C-06FA-424F-B218-1051794C1D6F}.Ad-Hoc|iPhone.ActiveCfg = Debug|Any CPU
		{112EA05C-06FA-424F-B218-1051794C1D6F}.Ad-Hoc|iPhone.Build.0 = Debug|Any CPU
		{112EA05C-06FA-424F-B218-1051794C1D6F}.Ad-Hoc|iPhoneSimulator.ActiveCfg = Debug|Any CPU
		{112EA05C-06FA-424F-B218-1051794C1D6F}.Ad-Hoc|iPhoneSimulator.Build.0 = Debug|Any CPU
		{112EA05C-06FA-424F-B218-1051794C1D6F}.Ad-Hoc|x64.ActiveCfg = Debug|Any CPU
		{112EA05C-06FA-424F-B218-1051794C1D6F}.Ad-Hoc|x64.Build.0 = Debug|Any CPU
		{112EA05C-06FA-424F-B218-1051794C1D6F}.Ad-Hoc|x86.ActiveCfg = Debug|Any CPU
		{112EA05C-06FA-424F-B218-1051794C1D6F}.Ad-Hoc|x86.Build.0 = Debug|Any CPU
		{112EA05C-06FA-424F-B218-1051794C1D6F}.AppStore|Any CPU.ActiveCfg = Debug|Any CPU
		{112EA05C-06FA-424F-B218-1051794C1D6F}.AppStore|Any CPU.Build.0 = Debug|Any CPU
		{112EA05C-06FA-424F-B218-1051794C1D6F}.AppStore|ARM.ActiveCfg = Debug|Any CPU
		{112EA05C-06FA-424F-B218-1051794C1D6F}.AppStore|ARM.Build.0 = Debug|Any CPU
		{112EA05C-06FA-424F-B218-1051794C1D6F}.AppStore|iPhone.ActiveCfg = Debug|Any CPU
		{112EA05C-06FA-424F-B218-1051794C1D6F}.AppStore|iPhone.Build.0 = Debug|Any CPU
		{112EA05C-06FA-424F-B218-1051794C1D6F}.AppStore|iPhoneSimulator.ActiveCfg = Debug|Any CPU
		{112EA05C-06FA-424F-B218-1051794C1D6F}.AppStore|iPhoneSimulator.Build.0 = Debug|Any CPU
		{112EA05C-06FA-424F-B218-1051794C1D6F}.AppStore|x64.ActiveCfg = Debug|Any CPU
		{112EA05C-06FA-424F-B218-1051794C1D6F}.AppStore|x64.Build.0 = Debug|Any CPU
		{112EA05C-06FA-424F-B218-1051794C1D6F}.AppStore|x86.ActiveCfg = Debug|Any CPU
		{112EA05C-06FA-424F-B218-1051794C1D6F}.AppStore|x86.Build.0 = Debug|Any CPU
		{112EA05C-06FA-424F-B218-1051794C1D6F}.Debug|Any CPU.ActiveCfg = Debug|Any CPU
		{112EA05C-06FA-424F-B218-1051794C1D6F}.Debug|Any CPU.Build.0 = Debug|Any CPU
		{112EA05C-06FA-424F-B218-1051794C1D6F}.Debug|ARM.ActiveCfg = Debug|Any CPU
		{112EA05C-06FA-424F-B218-1051794C1D6F}.Debug|ARM.Build.0 = Debug|Any CPU
		{112EA05C-06FA-424F-B218-1051794C1D6F}.Debug|iPhone.ActiveCfg = Debug|Any CPU
		{112EA05C-06FA-424F-B218-1051794C1D6F}.Debug|iPhone.Build.0 = Debug|Any CPU
		{112EA05C-06FA-424F-B218-1051794C1D6F}.Debug|iPhoneSimulator.ActiveCfg = Debug|Any CPU
		{112EA05C-06FA-424F-B218-1051794C1D6F}.Debug|iPhoneSimulator.Build.0 = Debug|Any CPU
		{112EA05C-06FA-424F-B218-1051794C1D6F}.Debug|x64.ActiveCfg = Debug|Any CPU
		{112EA05C-06FA-424F-B218-1051794C1D6F}.Debug|x64.Build.0 = Debug|Any CPU
		{112EA05C-06FA-424F-B218-1051794C1D6F}.Debug|x86.ActiveCfg = Debug|Any CPU
		{112EA05C-06FA-424F-B218-1051794C1D6F}.Debug|x86.Build.0 = Debug|Any CPU
		{112EA05C-06FA-424F-B218-1051794C1D6F}.Release|Any CPU.ActiveCfg = Release|Any CPU
		{112EA05C-06FA-424F-B218-1051794C1D6F}.Release|Any CPU.Build.0 = Release|Any CPU
		{112EA05C-06FA-424F-B218-1051794C1D6F}.Release|ARM.ActiveCfg = Release|Any CPU
		{112EA05C-06FA-424F-B218-1051794C1D6F}.Release|ARM.Build.0 = Release|Any CPU
		{112EA05C-06FA-424F-B218-1051794C1D6F}.Release|iPhone.ActiveCfg = Release|Any CPU
		{112EA05C-06FA-424F-B218-1051794C1D6F}.Release|iPhone.Build.0 = Release|Any CPU
		{112EA05C-06FA-424F-B218-1051794C1D6F}.Release|iPhoneSimulator.ActiveCfg = Release|Any CPU
		{112EA05C-06FA-424F-B218-1051794C1D6F}.Release|iPhoneSimulator.Build.0 = Release|Any CPU
		{112EA05C-06FA-424F-B218-1051794C1D6F}.Release|x64.ActiveCfg = Release|Any CPU
		{112EA05C-06FA-424F-B218-1051794C1D6F}.Release|x64.Build.0 = Release|Any CPU
		{112EA05C-06FA-424F-B218-1051794C1D6F}.Release|x86.ActiveCfg = Release|Any CPU
		{112EA05C-06FA-424F-B218-1051794C1D6F}.Release|x86.Build.0 = Release|Any CPU
		{833D4D93-73A2-444F-96D1-B3575F08363D}.Ad-Hoc|Any CPU.ActiveCfg = Debug|Any CPU
		{833D4D93-73A2-444F-96D1-B3575F08363D}.Ad-Hoc|Any CPU.Build.0 = Debug|Any CPU
		{833D4D93-73A2-444F-96D1-B3575F08363D}.Ad-Hoc|ARM.ActiveCfg = Debug|Any CPU
		{833D4D93-73A2-444F-96D1-B3575F08363D}.Ad-Hoc|ARM.Build.0 = Debug|Any CPU
		{833D4D93-73A2-444F-96D1-B3575F08363D}.Ad-Hoc|iPhone.ActiveCfg = Debug|Any CPU
		{833D4D93-73A2-444F-96D1-B3575F08363D}.Ad-Hoc|iPhone.Build.0 = Debug|Any CPU
		{833D4D93-73A2-444F-96D1-B3575F08363D}.Ad-Hoc|iPhoneSimulator.ActiveCfg = Debug|Any CPU
		{833D4D93-73A2-444F-96D1-B3575F08363D}.Ad-Hoc|iPhoneSimulator.Build.0 = Debug|Any CPU
		{833D4D93-73A2-444F-96D1-B3575F08363D}.Ad-Hoc|x64.ActiveCfg = Debug|Any CPU
		{833D4D93-73A2-444F-96D1-B3575F08363D}.Ad-Hoc|x64.Build.0 = Debug|Any CPU
		{833D4D93-73A2-444F-96D1-B3575F08363D}.Ad-Hoc|x86.ActiveCfg = Debug|Any CPU
		{833D4D93-73A2-444F-96D1-B3575F08363D}.Ad-Hoc|x86.Build.0 = Debug|Any CPU
		{833D4D93-73A2-444F-96D1-B3575F08363D}.AppStore|Any CPU.ActiveCfg = Debug|Any CPU
		{833D4D93-73A2-444F-96D1-B3575F08363D}.AppStore|Any CPU.Build.0 = Debug|Any CPU
		{833D4D93-73A2-444F-96D1-B3575F08363D}.AppStore|ARM.ActiveCfg = Debug|Any CPU
		{833D4D93-73A2-444F-96D1-B3575F08363D}.AppStore|ARM.Build.0 = Debug|Any CPU
		{833D4D93-73A2-444F-96D1-B3575F08363D}.AppStore|iPhone.ActiveCfg = Debug|Any CPU
		{833D4D93-73A2-444F-96D1-B3575F08363D}.AppStore|iPhone.Build.0 = Debug|Any CPU
		{833D4D93-73A2-444F-96D1-B3575F08363D}.AppStore|iPhoneSimulator.ActiveCfg = Debug|Any CPU
		{833D4D93-73A2-444F-96D1-B3575F08363D}.AppStore|iPhoneSimulator.Build.0 = Debug|Any CPU
		{833D4D93-73A2-444F-96D1-B3575F08363D}.AppStore|x64.ActiveCfg = Debug|Any CPU
		{833D4D93-73A2-444F-96D1-B3575F08363D}.AppStore|x64.Build.0 = Debug|Any CPU
		{833D4D93-73A2-444F-96D1-B3575F08363D}.AppStore|x86.ActiveCfg = Debug|Any CPU
		{833D4D93-73A2-444F-96D1-B3575F08363D}.AppStore|x86.Build.0 = Debug|Any CPU
		{833D4D93-73A2-444F-96D1-B3575F08363D}.Debug|Any CPU.ActiveCfg = Debug|Any CPU
		{833D4D93-73A2-444F-96D1-B3575F08363D}.Debug|Any CPU.Build.0 = Debug|Any CPU
		{833D4D93-73A2-444F-96D1-B3575F08363D}.Debug|ARM.ActiveCfg = Debug|Any CPU
		{833D4D93-73A2-444F-96D1-B3575F08363D}.Debug|ARM.Build.0 = Debug|Any CPU
		{833D4D93-73A2-444F-96D1-B3575F08363D}.Debug|iPhone.ActiveCfg = Debug|Any CPU
		{833D4D93-73A2-444F-96D1-B3575F08363D}.Debug|iPhone.Build.0 = Debug|Any CPU
		{833D4D93-73A2-444F-96D1-B3575F08363D}.Debug|iPhoneSimulator.ActiveCfg = Debug|Any CPU
		{833D4D93-73A2-444F-96D1-B3575F08363D}.Debug|iPhoneSimulator.Build.0 = Debug|Any CPU
		{833D4D93-73A2-444F-96D1-B3575F08363D}.Debug|x64.ActiveCfg = Debug|Any CPU
		{833D4D93-73A2-444F-96D1-B3575F08363D}.Debug|x64.Build.0 = Debug|Any CPU
		{833D4D93-73A2-444F-96D1-B3575F08363D}.Debug|x86.ActiveCfg = Debug|Any CPU
		{833D4D93-73A2-444F-96D1-B3575F08363D}.Debug|x86.Build.0 = Debug|Any CPU
		{833D4D93-73A2-444F-96D1-B3575F08363D}.Release|Any CPU.ActiveCfg = Release|Any CPU
		{833D4D93-73A2-444F-96D1-B3575F08363D}.Release|Any CPU.Build.0 = Release|Any CPU
		{833D4D93-73A2-444F-96D1-B3575F08363D}.Release|ARM.ActiveCfg = Release|Any CPU
		{833D4D93-73A2-444F-96D1-B3575F08363D}.Release|ARM.Build.0 = Release|Any CPU
		{833D4D93-73A2-444F-96D1-B3575F08363D}.Release|iPhone.ActiveCfg = Release|Any CPU
		{833D4D93-73A2-444F-96D1-B3575F08363D}.Release|iPhone.Build.0 = Release|Any CPU
		{833D4D93-73A2-444F-96D1-B3575F08363D}.Release|iPhoneSimulator.ActiveCfg = Release|Any CPU
		{833D4D93-73A2-444F-96D1-B3575F08363D}.Release|iPhoneSimulator.Build.0 = Release|Any CPU
		{833D4D93-73A2-444F-96D1-B3575F08363D}.Release|x64.ActiveCfg = Release|Any CPU
		{833D4D93-73A2-444F-96D1-B3575F08363D}.Release|x64.Build.0 = Release|Any CPU
		{833D4D93-73A2-444F-96D1-B3575F08363D}.Release|x86.ActiveCfg = Release|Any CPU
		{833D4D93-73A2-444F-96D1-B3575F08363D}.Release|x86.Build.0 = Release|Any CPU
	EndGlobalSection
	GlobalSection(SolutionProperties) = preSolution
		HideSolutionNode = FALSE
	EndGlobalSection
EndGlobal
